
Microsoft Visual Studio Solution File, Format Version 12.00
# Visual Studio Version 16
VisualStudioVersion = 16.0.28729.10
MinimumVisualStudioVersion = 10.0.40219.1
Project("{FAE04EC0-301F-11D3-BF4B-00C04F79EFBC}") = "Mafia_random_generator", "Mafia_random_generator\Mafia_random_generator.csproj", "{6B3794B8-EE30-44D8-B7E8-C472BC2DBDA0}"
EndProject
Global
	GlobalSection(SolutionConfigurationPlatforms) = preSolution
		Debug|Any CPU = Debug|Any CPU
		Release|Any CPU = Release|Any CPU
	EndGlobalSection
	GlobalSection(ProjectConfigurationPlatforms) = postSolution
		{6B3794B8-EE30-44D8-B7E8-C472BC2DBDA0}.Debug|Any CPU.ActiveCfg = Debug|Any CPU
		{6B3794B8-EE30-44D8-B7E8-C472BC2DBDA0}.Debug|Any CPU.Build.0 = Debug|Any CPU
		{6B3794B8-EE30-44D8-B7E8-C472BC2DBDA0}.Release|Any CPU.ActiveCfg = Release|Any CPU
		{6B3794B8-EE30-44D8-B7E8-C472BC2DBDA0}.Release|Any CPU.Build.0 = Release|Any CPU
	EndGlobalSection
	GlobalSection(SolutionProperties) = preSolution
		HideSolutionNode = FALSE
	EndGlobalSection
	GlobalSection(ExtensibilityGlobals) = postSolution
		SolutionGuid = {3979CD53-6B36-4FEF-B0AB-582EE8D4443B}
	EndGlobalSection
EndGlobal
